// !$*UTF8*$!
{
	archiveVersion = 1;
	classes = {
	};
	objectVersion = 46;
	objects = {

/* Begin PBXBuildFile section */
		5E38581A1D99801F00DEC418 /* PlaceViewController.swift in Sources */ = {isa = PBXBuildFile; fileRef = 5E3858191D99801F00DEC418 /* PlaceViewController.swift */; };
		5E65AB131D9542560025CBE3 /* UIViewControllerExt.swift in Sources */ = {isa = PBXBuildFile; fileRef = 5E65AB121D9542560025CBE3 /* UIViewControllerExt.swift */; };
		5E65AB151D95507C0025CBE3 /* main.swift in Sources */ = {isa = PBXBuildFile; fileRef = 5E65AB141D95507C0025CBE3 /* main.swift */; };
		5E9786831D9255420031B0CB /* Images.xcassets in Resources */ = {isa = PBXBuildFile; fileRef = 5E9786821D9255420031B0CB /* Images.xcassets */; };
		5E9786891D92559D0031B0CB /* AudioRecorderViewController.swift in Sources */ = {isa = PBXBuildFile; fileRef = 5E9786851D92559D0031B0CB /* AudioRecorderViewController.swift */; };
		5E97868A1D92559D0031B0CB /* AudioRecorderViewController.xib in Resources */ = {isa = PBXBuildFile; fileRef = 5E9786861D92559D0031B0CB /* AudioRecorderViewController.xib */; };
		5E9786901D925EA50031B0CB /* SignInViewController.swift in Sources */ = {isa = PBXBuildFile; fileRef = 5E97868E1D925EA50031B0CB /* SignInViewController.swift */; };
		5E9786911D925EA50031B0CB /* SignUpViewController.swift in Sources */ = {isa = PBXBuildFile; fileRef = 5E97868F1D925EA50031B0CB /* SignUpViewController.swift */; };
		5E9786941D925EBF0031B0CB /* testViewController.swift in Sources */ = {isa = PBXBuildFile; fileRef = 5E9786931D925EBF0031B0CB /* testViewController.swift */; };
		5E9786961D928B520031B0CB /* MyExtention.swift in Sources */ = {isa = PBXBuildFile; fileRef = 5E9786951D928B520031B0CB /* MyExtention.swift */; };
		5E9786981D92AAA70031B0CB /* PDSwitch.swift in Sources */ = {isa = PBXBuildFile; fileRef = 5E9786971D92AAA70031B0CB /* PDSwitch.swift */; };
		5EA274221D945E7B001AB48D /* SetDataViewController.swift in Sources */ = {isa = PBXBuildFile; fileRef = 5EA274211D945E7B001AB48D /* SetDataViewController.swift */; };
		5EDC16651D9C0DE800C16904 /* MarkerInfoView.swift in Sources */ = {isa = PBXBuildFile; fileRef = 5EDC16631D9C0DE800C16904 /* MarkerInfoView.swift */; };
		5EDC16661D9C0DE800C16904 /* MarkerInfoView.xib in Resources */ = {isa = PBXBuildFile; fileRef = 5EDC16641D9C0DE800C16904 /* MarkerInfoView.xib */; };
		5EDC16681D9C0F6F00C16904 /* PlaceMarker.swift in Sources */ = {isa = PBXBuildFile; fileRef = 5EDC16671D9C0F6F00C16904 /* PlaceMarker.swift */; };
		5EDC166A1D9C0FA500C16904 /* MyPlace.swift in Sources */ = {isa = PBXBuildFile; fileRef = 5EDC16691D9C0FA500C16904 /* MyPlace.swift */; };
		5EDF398C1D9ABB660058C704 /* GUtility.swift in Sources */ = {isa = PBXBuildFile; fileRef = 5EDF398B1D9ABB660058C704 /* GUtility.swift */; };
		A52D1CA082BFB1D95A2BFEAF /* Pods_NOT_Chris_Rock_GPS.framework in Frameworks */ = {isa = PBXBuildFile; fileRef = D42050BA16180614E68FFE74 /* Pods_NOT_Chris_Rock_GPS.framework */; };
		DA334BF61D8A81AE002E4E1F /* MultipleTapViewController.swift in Sources */ = {isa = PBXBuildFile; fileRef = DA334BF51D8A81AE002E4E1F /* MultipleTapViewController.swift */; };
		DA6AE7C21D88C782001E5B65 /* AppDelegate.swift in Sources */ = {isa = PBXBuildFile; fileRef = DA6AE7C11D88C782001E5B65 /* AppDelegate.swift */; };
		DA6AE7C41D88C782001E5B65 /* ViewController.swift in Sources */ = {isa = PBXBuildFile; fileRef = DA6AE7C31D88C782001E5B65 /* ViewController.swift */; };
		DA6AE7C71D88C782001E5B65 /* Main.storyboard in Resources */ = {isa = PBXBuildFile; fileRef = DA6AE7C51D88C782001E5B65 /* Main.storyboard */; };
		DA6AE7CA1D88C782001E5B65 /* NOT_Chris_Rock_GPS.xcdatamodeld in Sources */ = {isa = PBXBuildFile; fileRef = DA6AE7C81D88C782001E5B65 /* NOT_Chris_Rock_GPS.xcdatamodeld */; };
		DA6AE7CC1D88C782001E5B65 /* Assets.xcassets in Resources */ = {isa = PBXBuildFile; fileRef = DA6AE7CB1D88C782001E5B65 /* Assets.xcassets */; };
		DA6AE7CF1D88C782001E5B65 /* LaunchScreen.storyboard in Resources */ = {isa = PBXBuildFile; fileRef = DA6AE7CD1D88C782001E5B65 /* LaunchScreen.storyboard */; };
		DA6AE7DA1D88C782001E5B65 /* NOT_Chris_Rock_GPSTests.swift in Sources */ = {isa = PBXBuildFile; fileRef = DA6AE7D91D88C782001E5B65 /* NOT_Chris_Rock_GPSTests.swift */; };
		DA6AE7E51D88C782001E5B65 /* NOT_Chris_Rock_GPSUITests.swift in Sources */ = {isa = PBXBuildFile; fileRef = DA6AE7E41D88C782001E5B65 /* NOT_Chris_Rock_GPSUITests.swift */; };
		DA6AE7F41D88C7B6001E5B65 /* Constants.swift in Sources */ = {isa = PBXBuildFile; fileRef = DA6AE7F31D88C7B6001E5B65 /* Constants.swift */; };
		DA6AE7F61D88C805001E5B65 /* CommonUtils.swift in Sources */ = {isa = PBXBuildFile; fileRef = DA6AE7F51D88C805001E5B65 /* CommonUtils.swift */; };
		DA6AE7FA1D88C850001E5B65 /* MBProgressHUD.m in Sources */ = {isa = PBXBuildFile; fileRef = DA6AE7F91D88C850001E5B65 /* MBProgressHUD.m */; };
		DA6AE8001D88C907001E5B65 /* AppState.swift in Sources */ = {isa = PBXBuildFile; fileRef = DA6AE7FE1D88C907001E5B65 /* AppState.swift */; };
		DA6AE8011D88C907001E5B65 /* AEXML.swift in Sources */ = {isa = PBXBuildFile; fileRef = DA6AE7FF1D88C907001E5B65 /* AEXML.swift */; };
		DA6AE8031D88D035001E5B65 /* MapViewController.swift in Sources */ = {isa = PBXBuildFile; fileRef = DA6AE8021D88D035001E5B65 /* MapViewController.swift */; };
		DA6AE8061D88E1AA001E5B65 /* YelpAPIClient.swift in Sources */ = {isa = PBXBuildFile; fileRef = DA6AE8051D88E1AA001E5B65 /* YelpAPIClient.swift */; };
		DA6AE8081D89124C001E5B65 /* OpenWeatherViewController.swift in Sources */ = {isa = PBXBuildFile; fileRef = DA6AE8071D89124C001E5B65 /* OpenWeatherViewController.swift */; };
		DA6AE80A1D89A8BA001E5B65 /* WeatherGetter.swift in Sources */ = {isa = PBXBuildFile; fileRef = DA6AE8091D89A8BA001E5B65 /* WeatherGetter.swift */; };
		DA6AE80D1D89B169001E5B65 /* Weather.swift in Sources */ = {isa = PBXBuildFile; fileRef = DA6AE80C1D89B169001E5B65 /* Weather.swift */; };
		DA6AE80F1D89E403001E5B65 /* GooglePlacesViewController.swift in Sources */ = {isa = PBXBuildFile; fileRef = DA6AE80E1D89E403001E5B65 /* GooglePlacesViewController.swift */; };
		DA6AE8111D89E442001E5B65 /* SearchResultsController.swift in Sources */ = {isa = PBXBuildFile; fileRef = DA6AE8101D89E442001E5B65 /* SearchResultsController.swift */; };
		DA6AE8141D8A24AE001E5B65 /* MainViewController.swift in Sources */ = {isa = PBXBuildFile; fileRef = DA6AE8131D8A24AE001E5B65 /* MainViewController.swift */; };
/* End PBXBuildFile section */

/* Begin PBXContainerItemProxy section */
		DA6AE7D61D88C782001E5B65 /* PBXContainerItemProxy */ = {
			isa = PBXContainerItemProxy;
			containerPortal = DA6AE7B61D88C782001E5B65 /* Project object */;
			proxyType = 1;
			remoteGlobalIDString = DA6AE7BD1D88C782001E5B65;
			remoteInfo = "NOT Chris Rock GPS";
		};
		DA6AE7E11D88C782001E5B65 /* PBXContainerItemProxy */ = {
			isa = PBXContainerItemProxy;
			containerPortal = DA6AE7B61D88C782001E5B65 /* Project object */;
			proxyType = 1;
			remoteGlobalIDString = DA6AE7BD1D88C782001E5B65;
			remoteInfo = "NOT Chris Rock GPS";
		};
/* End PBXContainerItemProxy section */

/* Begin PBXFileReference section */
		5E3858191D99801F00DEC418 /* PlaceViewController.swift */ = {isa = PBXFileReference; fileEncoding = 4; lastKnownFileType = sourcecode.swift; path = PlaceViewController.swift; sourceTree = "<group>"; };
		5E65AB121D9542560025CBE3 /* UIViewControllerExt.swift */ = {isa = PBXFileReference; fileEncoding = 4; lastKnownFileType = sourcecode.swift; path = UIViewControllerExt.swift; sourceTree = "<group>"; };
		5E65AB141D95507C0025CBE3 /* main.swift */ = {isa = PBXFileReference; fileEncoding = 4; lastKnownFileType = sourcecode.swift; path = main.swift; sourceTree = "<group>"; };
		5E9786821D9255420031B0CB /* Images.xcassets */ = {isa = PBXFileReference; lastKnownFileType = folder.assetcatalog; path = Images.xcassets; sourceTree = "<group>"; };
		5E9786851D92559D0031B0CB /* AudioRecorderViewController.swift */ = {isa = PBXFileReference; fileEncoding = 4; lastKnownFileType = sourcecode.swift; path = AudioRecorderViewController.swift; sourceTree = "<group>"; };
		5E9786861D92559D0031B0CB /* AudioRecorderViewController.xib */ = {isa = PBXFileReference; fileEncoding = 4; lastKnownFileType = file.xib; path = AudioRecorderViewController.xib; sourceTree = "<group>"; };
		5E97868E1D925EA50031B0CB /* SignInViewController.swift */ = {isa = PBXFileReference; fileEncoding = 4; lastKnownFileType = sourcecode.swift; path = SignInViewController.swift; sourceTree = "<group>"; };
		5E97868F1D925EA50031B0CB /* SignUpViewController.swift */ = {isa = PBXFileReference; fileEncoding = 4; lastKnownFileType = sourcecode.swift; path = SignUpViewController.swift; sourceTree = "<group>"; };
		5E9786931D925EBF0031B0CB /* testViewController.swift */ = {isa = PBXFileReference; fileEncoding = 4; lastKnownFileType = sourcecode.swift; path = testViewController.swift; sourceTree = "<group>"; };
		5E9786951D928B520031B0CB /* MyExtention.swift */ = {isa = PBXFileReference; fileEncoding = 4; lastKnownFileType = sourcecode.swift; path = MyExtention.swift; sourceTree = "<group>"; };
		5E9786971D92AAA70031B0CB /* PDSwitch.swift */ = {isa = PBXFileReference; fileEncoding = 4; lastKnownFileType = sourcecode.swift; path = PDSwitch.swift; sourceTree = "<group>"; };
		5EA274211D945E7B001AB48D /* SetDataViewController.swift */ = {isa = PBXFileReference; fileEncoding = 4; lastKnownFileType = sourcecode.swift; path = SetDataViewController.swift; sourceTree = "<group>"; };
		5EDC16631D9C0DE800C16904 /* MarkerInfoView.swift */ = {isa = PBXFileReference; fileEncoding = 4; lastKnownFileType = sourcecode.swift; path = MarkerInfoView.swift; sourceTree = "<group>"; };
		5EDC16641D9C0DE800C16904 /* MarkerInfoView.xib */ = {isa = PBXFileReference; fileEncoding = 4; lastKnownFileType = file.xib; path = MarkerInfoView.xib; sourceTree = "<group>"; };
		5EDC16671D9C0F6F00C16904 /* PlaceMarker.swift */ = {isa = PBXFileReference; fileEncoding = 4; lastKnownFileType = sourcecode.swift; path = PlaceMarker.swift; sourceTree = "<group>"; };
		5EDC16691D9C0FA500C16904 /* MyPlace.swift */ = {isa = PBXFileReference; fileEncoding = 4; lastKnownFileType = sourcecode.swift; path = MyPlace.swift; sourceTree = "<group>"; };
		5EDF398B1D9ABB660058C704 /* GUtility.swift */ = {isa = PBXFileReference; fileEncoding = 4; lastKnownFileType = sourcecode.swift; path = GUtility.swift; sourceTree = "<group>"; };
		641E7EB4FC3A22ED1FC64B5A /* Pods-NOT Chris Rock GPS.release.xcconfig */ = {isa = PBXFileReference; includeInIndex = 1; lastKnownFileType = text.xcconfig; name = "Pods-NOT Chris Rock GPS.release.xcconfig"; path = "Pods/Target Support Files/Pods-NOT Chris Rock GPS/Pods-NOT Chris Rock GPS.release.xcconfig"; sourceTree = "<group>"; };
		A3F369191E0C0EA3CDC0AD6E /* Pods-NOT Chris Rock GPS.debug.xcconfig */ = {isa = PBXFileReference; includeInIndex = 1; lastKnownFileType = text.xcconfig; name = "Pods-NOT Chris Rock GPS.debug.xcconfig"; path = "Pods/Target Support Files/Pods-NOT Chris Rock GPS/Pods-NOT Chris Rock GPS.debug.xcconfig"; sourceTree = "<group>"; };
		D42050BA16180614E68FFE74 /* Pods_NOT_Chris_Rock_GPS.framework */ = {isa = PBXFileReference; explicitFileType = wrapper.framework; includeInIndex = 0; path = Pods_NOT_Chris_Rock_GPS.framework; sourceTree = BUILT_PRODUCTS_DIR; };
		DA334BF51D8A81AE002E4E1F /* MultipleTapViewController.swift */ = {isa = PBXFileReference; fileEncoding = 4; lastKnownFileType = sourcecode.swift; path = MultipleTapViewController.swift; sourceTree = "<group>"; };
		DA6AE7BE1D88C782001E5B65 /* NOT Chris Rock GPS.app */ = {isa = PBXFileReference; explicitFileType = wrapper.application; includeInIndex = 0; path = "NOT Chris Rock GPS.app"; sourceTree = BUILT_PRODUCTS_DIR; };
		DA6AE7C11D88C782001E5B65 /* AppDelegate.swift */ = {isa = PBXFileReference; lastKnownFileType = sourcecode.swift; path = AppDelegate.swift; sourceTree = "<group>"; };
		DA6AE7C31D88C782001E5B65 /* ViewController.swift */ = {isa = PBXFileReference; lastKnownFileType = sourcecode.swift; path = ViewController.swift; sourceTree = "<group>"; };
		DA6AE7C61D88C782001E5B65 /* Base */ = {isa = PBXFileReference; lastKnownFileType = file.storyboard; name = Base; path = Base.lproj/Main.storyboard; sourceTree = "<group>"; };
		DA6AE7C91D88C782001E5B65 /* NOT_Chris_Rock_GPS.xcdatamodel */ = {isa = PBXFileReference; lastKnownFileType = wrapper.xcdatamodel; path = NOT_Chris_Rock_GPS.xcdatamodel; sourceTree = "<group>"; };
		DA6AE7CB1D88C782001E5B65 /* Assets.xcassets */ = {isa = PBXFileReference; lastKnownFileType = folder.assetcatalog; path = Assets.xcassets; sourceTree = "<group>"; };
		DA6AE7CE1D88C782001E5B65 /* Base */ = {isa = PBXFileReference; lastKnownFileType = file.storyboard; name = Base; path = Base.lproj/LaunchScreen.storyboard; sourceTree = "<group>"; };
		DA6AE7D01D88C782001E5B65 /* Info.plist */ = {isa = PBXFileReference; lastKnownFileType = text.plist.xml; path = Info.plist; sourceTree = "<group>"; };
		DA6AE7D51D88C782001E5B65 /* NOT Chris Rock GPSTests.xctest */ = {isa = PBXFileReference; explicitFileType = wrapper.cfbundle; includeInIndex = 0; path = "NOT Chris Rock GPSTests.xctest"; sourceTree = BUILT_PRODUCTS_DIR; };
		DA6AE7D91D88C782001E5B65 /* NOT_Chris_Rock_GPSTests.swift */ = {isa = PBXFileReference; lastKnownFileType = sourcecode.swift; path = NOT_Chris_Rock_GPSTests.swift; sourceTree = "<group>"; };
		DA6AE7DB1D88C782001E5B65 /* Info.plist */ = {isa = PBXFileReference; lastKnownFileType = text.plist.xml; path = Info.plist; sourceTree = "<group>"; };
		DA6AE7E01D88C782001E5B65 /* NOT Chris Rock GPSUITests.xctest */ = {isa = PBXFileReference; explicitFileType = wrapper.cfbundle; includeInIndex = 0; path = "NOT Chris Rock GPSUITests.xctest"; sourceTree = BUILT_PRODUCTS_DIR; };
		DA6AE7E41D88C782001E5B65 /* NOT_Chris_Rock_GPSUITests.swift */ = {isa = PBXFileReference; lastKnownFileType = sourcecode.swift; path = NOT_Chris_Rock_GPSUITests.swift; sourceTree = "<group>"; };
		DA6AE7E61D88C782001E5B65 /* Info.plist */ = {isa = PBXFileReference; lastKnownFileType = text.plist.xml; path = Info.plist; sourceTree = "<group>"; };
		DA6AE7F31D88C7B6001E5B65 /* Constants.swift */ = {isa = PBXFileReference; fileEncoding = 4; lastKnownFileType = sourcecode.swift; path = Constants.swift; sourceTree = "<group>"; };
		DA6AE7F51D88C805001E5B65 /* CommonUtils.swift */ = {isa = PBXFileReference; fileEncoding = 4; lastKnownFileType = sourcecode.swift; path = CommonUtils.swift; sourceTree = "<group>"; };
		DA6AE7F81D88C850001E5B65 /* MBProgressHUD.h */ = {isa = PBXFileReference; fileEncoding = 4; lastKnownFileType = sourcecode.c.h; path = MBProgressHUD.h; sourceTree = "<group>"; };
		DA6AE7F91D88C850001E5B65 /* MBProgressHUD.m */ = {isa = PBXFileReference; fileEncoding = 4; lastKnownFileType = sourcecode.c.objc; path = MBProgressHUD.m; sourceTree = "<group>"; };
		DA6AE7FB1D88C867001E5B65 /* Bridging-Header.h */ = {isa = PBXFileReference; lastKnownFileType = sourcecode.c.h; name = "Bridging-Header.h"; path = "NOT Chris Rock GPS/Bridging-Header.h"; sourceTree = "<group>"; };
		DA6AE7FE1D88C907001E5B65 /* AppState.swift */ = {isa = PBXFileReference; fileEncoding = 4; lastKnownFileType = sourcecode.swift; path = AppState.swift; sourceTree = "<group>"; };
		DA6AE7FF1D88C907001E5B65 /* AEXML.swift */ = {isa = PBXFileReference; fileEncoding = 4; lastKnownFileType = sourcecode.swift; path = AEXML.swift; sourceTree = "<group>"; };
		DA6AE8021D88D035001E5B65 /* MapViewController.swift */ = {isa = PBXFileReference; fileEncoding = 4; lastKnownFileType = sourcecode.swift; path = MapViewController.swift; sourceTree = "<group>"; };
		DA6AE8051D88E1AA001E5B65 /* YelpAPIClient.swift */ = {isa = PBXFileReference; fileEncoding = 4; lastKnownFileType = sourcecode.swift; path = YelpAPIClient.swift; sourceTree = "<group>"; };
		DA6AE8071D89124C001E5B65 /* OpenWeatherViewController.swift */ = {isa = PBXFileReference; fileEncoding = 4; lastKnownFileType = sourcecode.swift; path = OpenWeatherViewController.swift; sourceTree = "<group>"; };
		DA6AE8091D89A8BA001E5B65 /* WeatherGetter.swift */ = {isa = PBXFileReference; fileEncoding = 4; lastKnownFileType = sourcecode.swift; path = WeatherGetter.swift; sourceTree = "<group>"; };
		DA6AE80C1D89B169001E5B65 /* Weather.swift */ = {isa = PBXFileReference; fileEncoding = 4; lastKnownFileType = sourcecode.swift; path = Weather.swift; sourceTree = "<group>"; };
		DA6AE80E1D89E403001E5B65 /* GooglePlacesViewController.swift */ = {isa = PBXFileReference; fileEncoding = 4; lastKnownFileType = sourcecode.swift; path = GooglePlacesViewController.swift; sourceTree = "<group>"; };
		DA6AE8101D89E442001E5B65 /* SearchResultsController.swift */ = {isa = PBXFileReference; fileEncoding = 4; lastKnownFileType = sourcecode.swift; path = SearchResultsController.swift; sourceTree = "<group>"; };
		DA6AE8131D8A24AE001E5B65 /* MainViewController.swift */ = {isa = PBXFileReference; fileEncoding = 4; lastKnownFileType = sourcecode.swift; path = MainViewController.swift; sourceTree = "<group>"; };
/* End PBXFileReference section */

/* Begin PBXFrameworksBuildPhase section */
		DA6AE7BB1D88C782001E5B65 /* Frameworks */ = {
			isa = PBXFrameworksBuildPhase;
			buildActionMask = 2147483647;
			files = (
				A52D1CA082BFB1D95A2BFEAF /* Pods_NOT_Chris_Rock_GPS.framework in Frameworks */,
			);
			runOnlyForDeploymentPostprocessing = 0;
		};
		DA6AE7D21D88C782001E5B65 /* Frameworks */ = {
			isa = PBXFrameworksBuildPhase;
			buildActionMask = 2147483647;
			files = (
			);
			runOnlyForDeploymentPostprocessing = 0;
		};
		DA6AE7DD1D88C782001E5B65 /* Frameworks */ = {
			isa = PBXFrameworksBuildPhase;
			buildActionMask = 2147483647;
			files = (
			);
			runOnlyForDeploymentPostprocessing = 0;
		};
/* End PBXFrameworksBuildPhase section */

/* Begin PBXGroup section */
		42FAA18C482C53206AECF017 /* Frameworks */ = {
			isa = PBXGroup;
			children = (
				D42050BA16180614E68FFE74 /* Pods_NOT_Chris_Rock_GPS.framework */,
			);
			name = Frameworks;
			sourceTree = "<group>";
		};
		5E9786841D92559D0031B0CB /* AudioRecorderViewController */ = {
			isa = PBXGroup;
			children = (
				5E9786851D92559D0031B0CB /* AudioRecorderViewController.swift */,
				5E9786861D92559D0031B0CB /* AudioRecorderViewController.xib */,
			);
			path = AudioRecorderViewController;
			sourceTree = "<group>";
		};
		5E97868D1D925AD30031B0CB /* Login Signup */ = {
			isa = PBXGroup;
			children = (
				5E97868E1D925EA50031B0CB /* SignInViewController.swift */,
				5E97868F1D925EA50031B0CB /* SignUpViewController.swift */,
				5EA274211D945E7B001AB48D /* SetDataViewController.swift */,
				5E9786931D925EBF0031B0CB /* testViewController.swift */,
			);
			name = "Login Signup";
			sourceTree = "<group>";
		};
		DA334BEB1D8A7CC3002E4E1F /* Audio & Recording */ = {
			isa = PBXGroup;
			children = (
				DA334BF51D8A81AE002E4E1F /* MultipleTapViewController.swift */,
			);
			name = "Audio & Recording";
			sourceTree = "<group>";
		};
		DA6AE7B51D88C782001E5B65 = {
			isa = PBXGroup;
			children = (
				DA6AE7FB1D88C867001E5B65 /* Bridging-Header.h */,
				DA6AE7C01D88C782001E5B65 /* NOT Chris Rock GPS */,
				DA6AE7D81D88C782001E5B65 /* NOT Chris Rock GPSTests */,
				DA6AE7E31D88C782001E5B65 /* NOT Chris Rock GPSUITests */,
				DA6AE7BF1D88C782001E5B65 /* Products */,
				E99B6F2C3348585A39B5ABA5 /* Pods */,
				42FAA18C482C53206AECF017 /* Frameworks */,
			);
			sourceTree = "<group>";
		};
		DA6AE7BF1D88C782001E5B65 /* Products */ = {
			isa = PBXGroup;
			children = (
				DA6AE7BE1D88C782001E5B65 /* NOT Chris Rock GPS.app */,
				DA6AE7D51D88C782001E5B65 /* NOT Chris Rock GPSTests.xctest */,
				DA6AE7E01D88C782001E5B65 /* NOT Chris Rock GPSUITests.xctest */,
			);
			name = Products;
			sourceTree = "<group>";
		};
		DA6AE7C01D88C782001E5B65 /* NOT Chris Rock GPS */ = {
			isa = PBXGroup;
			children = (
				DA6AE7FD1D88C8D6001E5B65 /* Storyboard & Plist */,
				5E65AB141D95507C0025CBE3 /* main.swift */,
				DA6AE7C11D88C782001E5B65 /* AppDelegate.swift */,
				5EDF398B1D9ABB660058C704 /* GUtility.swift */,
				5EDC16691D9C0FA500C16904 /* MyPlace.swift */,
				5EDC16671D9C0F6F00C16904 /* PlaceMarker.swift */,
				5EDC16631D9C0DE800C16904 /* MarkerInfoView.swift */,
				5EDC16641D9C0DE800C16904 /* MarkerInfoView.xib */,
				5E97868D1D925AD30031B0CB /* Login Signup */,
				DA6AE8131D8A24AE001E5B65 /* MainViewController.swift */,
				DA6AE7C31D88C782001E5B65 /* ViewController.swift */,
				DA6AE8051D88E1AA001E5B65 /* YelpAPIClient.swift */,
				DA6AE8121D89E446001E5B65 /* GooglePlaces & Maps */,
				DA6AE80B1D89A95E001E5B65 /* Weather */,
				DA334BEB1D8A7CC3002E4E1F /* Audio & Recording */,
				DA6AE7F21D88C7A8001E5B65 /* Helper Files */,
			);
			path = "NOT Chris Rock GPS";
			sourceTree = "<group>";
		};
		DA6AE7D81D88C782001E5B65 /* NOT Chris Rock GPSTests */ = {
			isa = PBXGroup;
			children = (
				DA6AE7D91D88C782001E5B65 /* NOT_Chris_Rock_GPSTests.swift */,
				DA6AE7DB1D88C782001E5B65 /* Info.plist */,
			);
			path = "NOT Chris Rock GPSTests";
			sourceTree = "<group>";
		};
		DA6AE7E31D88C782001E5B65 /* NOT Chris Rock GPSUITests */ = {
			isa = PBXGroup;
			children = (
				DA6AE7E41D88C782001E5B65 /* NOT_Chris_Rock_GPSUITests.swift */,
				DA6AE7E61D88C782001E5B65 /* Info.plist */,
			);
			path = "NOT Chris Rock GPSUITests";
			sourceTree = "<group>";
		};
		DA6AE7F21D88C7A8001E5B65 /* Helper Files */ = {
			isa = PBXGroup;
			children = (
				5E9786971D92AAA70031B0CB /* PDSwitch.swift */,
				5E65AB121D9542560025CBE3 /* UIViewControllerExt.swift */,
				5E9786951D928B520031B0CB /* MyExtention.swift */,
				DA6AE7F31D88C7B6001E5B65 /* Constants.swift */,
				DA6AE7F51D88C805001E5B65 /* CommonUtils.swift */,
				DA6AE7FE1D88C907001E5B65 /* AppState.swift */,
				DA6AE7FF1D88C907001E5B65 /* AEXML.swift */,
				5E9786841D92559D0031B0CB /* AudioRecorderViewController */,
				DA6AE7FC1D88C8A1001E5B65 /* MBProgressHUD-master */,
			);
			name = "Helper Files";
			sourceTree = "<group>";
		};
		DA6AE7FC1D88C8A1001E5B65 /* MBProgressHUD-master */ = {
			isa = PBXGroup;
			children = (
				DA6AE7F81D88C850001E5B65 /* MBProgressHUD.h */,
				DA6AE7F91D88C850001E5B65 /* MBProgressHUD.m */,
			);
			name = "MBProgressHUD-master";
			sourceTree = "<group>";
		};
		DA6AE7FD1D88C8D6001E5B65 /* Storyboard & Plist */ = {
			isa = PBXGroup;
			children = (
				DA6AE7C51D88C782001E5B65 /* Main.storyboard */,
				DA6AE7CB1D88C782001E5B65 /* Assets.xcassets */,
				5E9786821D9255420031B0CB /* Images.xcassets */,
				DA6AE7CD1D88C782001E5B65 /* LaunchScreen.storyboard */,
				DA6AE7D01D88C782001E5B65 /* Info.plist */,
				DA6AE7C81D88C782001E5B65 /* NOT_Chris_Rock_GPS.xcdatamodeld */,
			);
			name = "Storyboard & Plist";
			sourceTree = "<group>";
		};
		DA6AE80B1D89A95E001E5B65 /* Weather */ = {
			isa = PBXGroup;
			children = (
				DA6AE8071D89124C001E5B65 /* OpenWeatherViewController.swift */,
				DA6AE8091D89A8BA001E5B65 /* WeatherGetter.swift */,
				DA6AE80C1D89B169001E5B65 /* Weather.swift */,
			);
			name = Weather;
			sourceTree = "<group>";
		};
		DA6AE8121D89E446001E5B65 /* GooglePlaces & Maps */ = {
			isa = PBXGroup;
			children = (
				DA6AE8021D88D035001E5B65 /* MapViewController.swift */,
				DA6AE80E1D89E403001E5B65 /* GooglePlacesViewController.swift */,
				DA6AE8101D89E442001E5B65 /* SearchResultsController.swift */,
				5E3858191D99801F00DEC418 /* PlaceViewController.swift */,
			);
			name = "GooglePlaces & Maps";
			sourceTree = "<group>";
		};
		E99B6F2C3348585A39B5ABA5 /* Pods */ = {
			isa = PBXGroup;
			children = (
				A3F369191E0C0EA3CDC0AD6E /* Pods-NOT Chris Rock GPS.debug.xcconfig */,
				641E7EB4FC3A22ED1FC64B5A /* Pods-NOT Chris Rock GPS.release.xcconfig */,
			);
			name = Pods;
			sourceTree = "<group>";
		};
/* End PBXGroup section */

/* Begin PBXNativeTarget section */
		DA6AE7BD1D88C782001E5B65 /* NOT Chris Rock GPS */ = {
			isa = PBXNativeTarget;
			buildConfigurationList = DA6AE7E91D88C782001E5B65 /* Build configuration list for PBXNativeTarget "NOT Chris Rock GPS" */;
			buildPhases = (
				F6B34B25C5F1D5A12F5DC753 /* [CP] Check Pods Manifest.lock */,
				DA6AE7BA1D88C782001E5B65 /* Sources */,
				DA6AE7BB1D88C782001E5B65 /* Frameworks */,
				DA6AE7BC1D88C782001E5B65 /* Resources */,
				C447EEFAA007A6B68F60A392 /* [CP] Embed Pods Frameworks */,
				EDA6FA782E91B14FE5DD5199 /* [CP] Copy Pods Resources */,
			);
			buildRules = (
			);
			dependencies = (
			);
			name = "NOT Chris Rock GPS";
			productName = "NOT Chris Rock GPS";
			productReference = DA6AE7BE1D88C782001E5B65 /* NOT Chris Rock GPS.app */;
			productType = "com.apple.product-type.application";
		};
		DA6AE7D41D88C782001E5B65 /* NOT Chris Rock GPSTests */ = {
			isa = PBXNativeTarget;
			buildConfigurationList = DA6AE7EC1D88C782001E5B65 /* Build configuration list for PBXNativeTarget "NOT Chris Rock GPSTests" */;
			buildPhases = (
				DA6AE7D11D88C782001E5B65 /* Sources */,
				DA6AE7D21D88C782001E5B65 /* Frameworks */,
				DA6AE7D31D88C782001E5B65 /* Resources */,
			);
			buildRules = (
			);
			dependencies = (
				DA6AE7D71D88C782001E5B65 /* PBXTargetDependency */,
			);
			name = "NOT Chris Rock GPSTests";
			productName = "NOT Chris Rock GPSTests";
			productReference = DA6AE7D51D88C782001E5B65 /* NOT Chris Rock GPSTests.xctest */;
			productType = "com.apple.product-type.bundle.unit-test";
		};
		DA6AE7DF1D88C782001E5B65 /* NOT Chris Rock GPSUITests */ = {
			isa = PBXNativeTarget;
			buildConfigurationList = DA6AE7EF1D88C782001E5B65 /* Build configuration list for PBXNativeTarget "NOT Chris Rock GPSUITests" */;
			buildPhases = (
				DA6AE7DC1D88C782001E5B65 /* Sources */,
				DA6AE7DD1D88C782001E5B65 /* Frameworks */,
				DA6AE7DE1D88C782001E5B65 /* Resources */,
			);
			buildRules = (
			);
			dependencies = (
				DA6AE7E21D88C782001E5B65 /* PBXTargetDependency */,
			);
			name = "NOT Chris Rock GPSUITests";
			productName = "NOT Chris Rock GPSUITests";
			productReference = DA6AE7E01D88C782001E5B65 /* NOT Chris Rock GPSUITests.xctest */;
			productType = "com.apple.product-type.bundle.ui-testing";
		};
/* End PBXNativeTarget section */

/* Begin PBXProject section */
		DA6AE7B61D88C782001E5B65 /* Project object */ = {
			isa = PBXProject;
			attributes = {
				LastSwiftUpdateCheck = 0730;
				LastUpgradeCheck = 0730;
				ORGANIZATIONNAME = Harloch;
				TargetAttributes = {
					DA6AE7BD1D88C782001E5B65 = {
						CreatedOnToolsVersion = 7.3.1;
					};
					DA6AE7D41D88C782001E5B65 = {
						CreatedOnToolsVersion = 7.3.1;
						TestTargetID = DA6AE7BD1D88C782001E5B65;
					};
					DA6AE7DF1D88C782001E5B65 = {
						CreatedOnToolsVersion = 7.3.1;
						TestTargetID = DA6AE7BD1D88C782001E5B65;
					};
				};
			};
			buildConfigurationList = DA6AE7B91D88C782001E5B65 /* Build configuration list for PBXProject "NOT Chris Rock GPS" */;
			compatibilityVersion = "Xcode 3.2";
			developmentRegion = English;
			hasScannedForEncodings = 0;
			knownRegions = (
				en,
				Base,
			);
			mainGroup = DA6AE7B51D88C782001E5B65;
			productRefGroup = DA6AE7BF1D88C782001E5B65 /* Products */;
			projectDirPath = "";
			projectRoot = "";
			targets = (
				DA6AE7BD1D88C782001E5B65 /* NOT Chris Rock GPS */,
				DA6AE7D41D88C782001E5B65 /* NOT Chris Rock GPSTests */,
				DA6AE7DF1D88C782001E5B65 /* NOT Chris Rock GPSUITests */,
			);
		};
/* End PBXProject section */

/* Begin PBXResourcesBuildPhase section */
		DA6AE7BC1D88C782001E5B65 /* Resources */ = {
			isa = PBXResourcesBuildPhase;
			buildActionMask = 2147483647;
			files = (
				DA6AE7CF1D88C782001E5B65 /* LaunchScreen.storyboard in Resources */,
				5E9786831D9255420031B0CB /* Images.xcassets in Resources */,
				5E97868A1D92559D0031B0CB /* AudioRecorderViewController.xib in Resources */,
				DA6AE7CC1D88C782001E5B65 /* Assets.xcassets in Resources */,
				5EDC16661D9C0DE800C16904 /* MarkerInfoView.xib in Resources */,
				DA6AE7C71D88C782001E5B65 /* Main.storyboard in Resources */,
			);
			runOnlyForDeploymentPostprocessing = 0;
		};
		DA6AE7D31D88C782001E5B65 /* Resources */ = {
			isa = PBXResourcesBuildPhase;
			buildActionMask = 2147483647;
			files = (
			);
			runOnlyForDeploymentPostprocessing = 0;
		};
		DA6AE7DE1D88C782001E5B65 /* Resources */ = {
			isa = PBXResourcesBuildPhase;
			buildActionMask = 2147483647;
			files = (
			);
			runOnlyForDeploymentPostprocessing = 0;
		};
/* End PBXResourcesBuildPhase section */

/* Begin PBXShellScriptBuildPhase section */
		C447EEFAA007A6B68F60A392 /* [CP] Embed Pods Frameworks */ = {
			isa = PBXShellScriptBuildPhase;
			buildActionMask = 2147483647;
			files = (
			);
			inputPaths = (
			);
			name = "[CP] Embed Pods Frameworks";
			outputPaths = (
			);
			runOnlyForDeploymentPostprocessing = 0;
			shellPath = /bin/sh;
			shellScript = "\"${SRCROOT}/Pods/Target Support Files/Pods-NOT Chris Rock GPS/Pods-NOT Chris Rock GPS-frameworks.sh\"\n";
			showEnvVarsInLog = 0;
		};
		EDA6FA782E91B14FE5DD5199 /* [CP] Copy Pods Resources */ = {
			isa = PBXShellScriptBuildPhase;
			buildActionMask = 2147483647;
			files = (
			);
			inputPaths = (
			);
			name = "[CP] Copy Pods Resources";
			outputPaths = (
			);
			runOnlyForDeploymentPostprocessing = 0;
			shellPath = /bin/sh;
			shellScript = "\"${SRCROOT}/Pods/Target Support Files/Pods-NOT Chris Rock GPS/Pods-NOT Chris Rock GPS-resources.sh\"\n";
			showEnvVarsInLog = 0;
		};
		F6B34B25C5F1D5A12F5DC753 /* [CP] Check Pods Manifest.lock */ = {
			isa = PBXShellScriptBuildPhase;
			buildActionMask = 2147483647;
			files = (
			);
			inputPaths = (
			);
			name = "[CP] Check Pods Manifest.lock";
			outputPaths = (
			);
			runOnlyForDeploymentPostprocessing = 0;
			shellPath = /bin/sh;
			shellScript = "diff \"${PODS_ROOT}/../Podfile.lock\" \"${PODS_ROOT}/Manifest.lock\" > /dev/null\nif [[ $? != 0 ]] ; then\n    cat << EOM\nerror: The sandbox is not in sync with the Podfile.lock. Run 'pod install' or update your CocoaPods installation.\nEOM\n    exit 1\nfi\n";
			showEnvVarsInLog = 0;
		};
/* End PBXShellScriptBuildPhase section */

/* Begin PBXSourcesBuildPhase section */
		DA6AE7BA1D88C782001E5B65 /* Sources */ = {
			isa = PBXSourcesBuildPhase;
			buildActionMask = 2147483647;
			files = (
				DA6AE7C41D88C782001E5B65 /* ViewController.swift in Sources */,
				5E65AB131D9542560025CBE3 /* UIViewControllerExt.swift in Sources */,
				DA6AE80A1D89A8BA001E5B65 /* WeatherGetter.swift in Sources */,
				DA6AE7FA1D88C850001E5B65 /* MBProgressHUD.m in Sources */,
				DA6AE8001D88C907001E5B65 /* AppState.swift in Sources */,
				DA6AE7F61D88C805001E5B65 /* CommonUtils.swift in Sources */,
				DA334BF61D8A81AE002E4E1F /* MultipleTapViewController.swift in Sources */,
				5E9786961D928B520031B0CB /* MyExtention.swift in Sources */,
				DA6AE8031D88D035001E5B65 /* MapViewController.swift in Sources */,
				DA6AE80F1D89E403001E5B65 /* GooglePlacesViewController.swift in Sources */,
				DA6AE8141D8A24AE001E5B65 /* MainViewController.swift in Sources */,
				5E9786941D925EBF0031B0CB /* testViewController.swift in Sources */,
				5EA274221D945E7B001AB48D /* SetDataViewController.swift in Sources */,
				DA6AE8081D89124C001E5B65 /* OpenWeatherViewController.swift in Sources */,
				5E65AB151D95507C0025CBE3 /* main.swift in Sources */,
				5EDC16681D9C0F6F00C16904 /* PlaceMarker.swift in Sources */,
				DA6AE7CA1D88C782001E5B65 /* NOT_Chris_Rock_GPS.xcdatamodeld in Sources */,
				DA6AE80D1D89B169001E5B65 /* Weather.swift in Sources */,
				5EDC16651D9C0DE800C16904 /* MarkerInfoView.swift in Sources */,
				DA6AE8011D88C907001E5B65 /* AEXML.swift in Sources */,
				5E9786981D92AAA70031B0CB /* PDSwitch.swift in Sources */,
				5E9786891D92559D0031B0CB /* AudioRecorderViewController.swift in Sources */,
				5E9786911D925EA50031B0CB /* SignUpViewController.swift in Sources */,
				DA6AE7C21D88C782001E5B65 /* AppDelegate.swift in Sources */,
				DA6AE7F41D88C7B6001E5B65 /* Constants.swift in Sources */,
				5E38581A1D99801F00DEC418 /* PlaceViewController.swift in Sources */,
				5EDF398C1D9ABB660058C704 /* GUtility.swift in Sources */,
				DA6AE8111D89E442001E5B65 /* SearchResultsController.swift in Sources */,
				5E9786901D925EA50031B0CB /* SignInViewController.swift in Sources */,
				DA6AE8061D88E1AA001E5B65 /* YelpAPIClient.swift in Sources */,
				5EDC166A1D9C0FA500C16904 /* MyPlace.swift in Sources */,
			);
			runOnlyForDeploymentPostprocessing = 0;
		};
		DA6AE7D11D88C782001E5B65 /* Sources */ = {
			isa = PBXSourcesBuildPhase;
			buildActionMask = 2147483647;
			files = (
				DA6AE7DA1D88C782001E5B65 /* NOT_Chris_Rock_GPSTests.swift in Sources */,
			);
			runOnlyForDeploymentPostprocessing = 0;
		};
		DA6AE7DC1D88C782001E5B65 /* Sources */ = {
			isa = PBXSourcesBuildPhase;
			buildActionMask = 2147483647;
			files = (
				DA6AE7E51D88C782001E5B65 /* NOT_Chris_Rock_GPSUITests.swift in Sources */,
			);
			runOnlyForDeploymentPostprocessing = 0;
		};
/* End PBXSourcesBuildPhase section */

/* Begin PBXTargetDependency section */
		DA6AE7D71D88C782001E5B65 /* PBXTargetDependency */ = {
			isa = PBXTargetDependency;
			target = DA6AE7BD1D88C782001E5B65 /* NOT Chris Rock GPS */;
			targetProxy = DA6AE7D61D88C782001E5B65 /* PBXContainerItemProxy */;
		};
		DA6AE7E21D88C782001E5B65 /* PBXTargetDependency */ = {
			isa = PBXTargetDependency;
			target = DA6AE7BD1D88C782001E5B65 /* NOT Chris Rock GPS */;
			targetProxy = DA6AE7E11D88C782001E5B65 /* PBXContainerItemProxy */;
		};
/* End PBXTargetDependency section */

/* Begin PBXVariantGroup section */
		DA6AE7C51D88C782001E5B65 /* Main.storyboard */ = {
			isa = PBXVariantGroup;
			children = (
				DA6AE7C61D88C782001E5B65 /* Base */,
			);
			name = Main.storyboard;
			sourceTree = "<group>";
		};
		DA6AE7CD1D88C782001E5B65 /* LaunchScreen.storyboard */ = {
			isa = PBXVariantGroup;
			children = (
				DA6AE7CE1D88C782001E5B65 /* Base */,
			);
			name = LaunchScreen.storyboard;
			sourceTree = "<group>";
		};
/* End PBXVariantGroup section */

/* Begin XCBuildConfiguration section */
		DA6AE7E71D88C782001E5B65 /* Debug */ = {
			isa = XCBuildConfiguration;
			buildSettings = {
				ALWAYS_SEARCH_USER_PATHS = NO;
				CLANG_ANALYZER_NONNULL = YES;
				CLANG_CXX_LANGUAGE_STANDARD = "gnu++0x";
				CLANG_CXX_LIBRARY = "libc++";
				CLANG_ENABLE_MODULES = YES;
				CLANG_ENABLE_OBJC_ARC = YES;
				CLANG_WARN_BOOL_CONVERSION = YES;
				CLANG_WARN_CONSTANT_CONVERSION = YES;
				CLANG_WARN_DIRECT_OBJC_ISA_USAGE = YES_ERROR;
				CLANG_WARN_EMPTY_BODY = YES;
				CLANG_WARN_ENUM_CONVERSION = YES;
				CLANG_WARN_INT_CONVERSION = YES;
				CLANG_WARN_OBJC_ROOT_CLASS = YES_ERROR;
				CLANG_WARN_UNREACHABLE_CODE = YES;
				CLANG_WARN__DUPLICATE_METHOD_MATCH = YES;
				"CODE_SIGN_IDENTITY[sdk=iphoneos*]" = "iPhone Developer";
				COPY_PHASE_STRIP = NO;
				DEBUG_INFORMATION_FORMAT = dwarf;
				ENABLE_STRICT_OBJC_MSGSEND = YES;
				ENABLE_TESTABILITY = YES;
				GCC_C_LANGUAGE_STANDARD = gnu99;
				GCC_DYNAMIC_NO_PIC = NO;
				GCC_NO_COMMON_BLOCKS = YES;
				GCC_OPTIMIZATION_LEVEL = 0;
				GCC_PREPROCESSOR_DEFINITIONS = (
					"DEBUG=1",
					"$(inherited)",
				);
				GCC_WARN_64_TO_32_BIT_CONVERSION = YES;
				GCC_WARN_ABOUT_RETURN_TYPE = YES_ERROR;
				GCC_WARN_UNDECLARED_SELECTOR = YES;
				GCC_WARN_UNINITIALIZED_AUTOS = YES_AGGRESSIVE;
				GCC_WARN_UNUSED_FUNCTION = YES;
				GCC_WARN_UNUSED_VARIABLE = YES;
				IPHONEOS_DEPLOYMENT_TARGET = 9.3;
				MTL_ENABLE_DEBUG_INFO = YES;
				ONLY_ACTIVE_ARCH = YES;
				SDKROOT = iphoneos;
				SWIFT_OPTIMIZATION_LEVEL = "-Onone";
				TARGETED_DEVICE_FAMILY = 2;
			};
			name = Debug;
		};
		DA6AE7E81D88C782001E5B65 /* Release */ = {
			isa = XCBuildConfiguration;
			buildSettings = {
				ALWAYS_SEARCH_USER_PATHS = NO;
				CLANG_ANALYZER_NONNULL = YES;
				CLANG_CXX_LANGUAGE_STANDARD = "gnu++0x";
				CLANG_CXX_LIBRARY = "libc++";
				CLANG_ENABLE_MODULES = YES;
				CLANG_ENABLE_OBJC_ARC = YES;
				CLANG_WARN_BOOL_CONVERSION = YES;
				CLANG_WARN_CONSTANT_CONVERSION = YES;
				CLANG_WARN_DIRECT_OBJC_ISA_USAGE = YES_ERROR;
				CLANG_WARN_EMPTY_BODY = YES;
				CLANG_WARN_ENUM_CONVERSION = YES;
				CLANG_WARN_INT_CONVERSION = YES;
				CLANG_WARN_OBJC_ROOT_CLASS = YES_ERROR;
				CLANG_WARN_UNREACHABLE_CODE = YES;
				CLANG_WARN__DUPLICATE_METHOD_MATCH = YES;
				"CODE_SIGN_IDENTITY[sdk=iphoneos*]" = "iPhone Developer";
				COPY_PHASE_STRIP = NO;
				DEBUG_INFORMATION_FORMAT = "dwarf-with-dsym";
				ENABLE_NS_ASSERTIONS = NO;
				ENABLE_STRICT_OBJC_MSGSEND = YES;
				GCC_C_LANGUAGE_STANDARD = gnu99;
				GCC_NO_COMMON_BLOCKS = YES;
				GCC_WARN_64_TO_32_BIT_CONVERSION = YES;
				GCC_WARN_ABOUT_RETURN_TYPE = YES_ERROR;
				GCC_WARN_UNDECLARED_SELECTOR = YES;
				GCC_WARN_UNINITIALIZED_AUTOS = YES_AGGRESSIVE;
				GCC_WARN_UNUSED_FUNCTION = YES;
				GCC_WARN_UNUSED_VARIABLE = YES;
				IPHONEOS_DEPLOYMENT_TARGET = 9.3;
				MTL_ENABLE_DEBUG_INFO = NO;
				SDKROOT = iphoneos;
				TARGETED_DEVICE_FAMILY = 2;
				VALIDATE_PRODUCT = YES;
			};
			name = Release;
		};
		DA6AE7EA1D88C782001E5B65 /* Debug */ = {
			isa = XCBuildConfiguration;
			baseConfigurationReference = A3F369191E0C0EA3CDC0AD6E /* Pods-NOT Chris Rock GPS.debug.xcconfig */;
			buildSettings = {
				ASSETCATALOG_COMPILER_APPICON_NAME = AppIcon;
				CLANG_ENABLE_MODULES = YES;
				INFOPLIST_FILE = "NOT Chris Rock GPS/Info.plist";
				LD_RUNPATH_SEARCH_PATHS = "$(inherited) @executable_path/Frameworks";
				PRODUCT_BUNDLE_IDENTIFIER = "com.harloch.NOT-Chris-Rock-GPS";
				PRODUCT_NAME = "$(TARGET_NAME)";
				SWIFT_OBJC_BRIDGING_HEADER = "$(SRCROOT)/NOT Chris Rock GPS/Bridging-Header.h";
				SWIFT_OPTIMIZATION_LEVEL = "-Onone";
				TARGETED_DEVICE_FAMILY = "1,2";
			};
			name = Debug;
		};
		DA6AE7EB1D88C782001E5B65 /* Release */ = {
			isa = XCBuildConfiguration;
			baseConfigurationReference = 641E7EB4FC3A22ED1FC64B5A /* Pods-NOT Chris Rock GPS.release.xcconfig */;
			buildSettings = {
				ASSETCATALOG_COMPILER_APPICON_NAME = AppIcon;
				CLANG_ENABLE_MODULES = YES;
				INFOPLIST_FILE = "NOT Chris Rock GPS/Info.plist";
				LD_RUNPATH_SEARCH_PATHS = "$(inherited) @executable_path/Frameworks";
				PRODUCT_BUNDLE_IDENTIFIER = "com.harloch.NOT-Chris-Rock-GPS";
				PRODUCT_NAME = "$(TARGET_NAME)";
				SWIFT_OBJC_BRIDGING_HEADER = "$(SRCROOT)/NOT Chris Rock GPS/Bridging-Header.h";
				TARGETED_DEVICE_FAMILY = "1,2";
			};
			name = Release;
		};
		DA6AE7ED1D88C782001E5B65 /* Debug */ = {
			isa = XCBuildConfiguration;
			buildSettings = {
				BUNDLE_LOADER = "$(TEST_HOST)";
				INFOPLIST_FILE = "NOT Chris Rock GPSTests/Info.plist";
				LD_RUNPATH_SEARCH_PATHS = "$(inherited) @executable_path/Frameworks @loader_path/Frameworks";
				PRODUCT_BUNDLE_IDENTIFIER = "com.harloch.NOT-Chris-Rock-GPSTests";
				PRODUCT_NAME = "$(TARGET_NAME)";
				TEST_HOST = "$(BUILT_PRODUCTS_DIR)/NOT Chris Rock GPS.app/NOT Chris Rock GPS";
			};
			name = Debug;
		};
		DA6AE7EE1D88C782001E5B65 /* Release */ = {
			isa = XCBuildConfiguration;
			buildSettings = {
				BUNDLE_LOADER = "$(TEST_HOST)";
				INFOPLIST_FILE = "NOT Chris Rock GPSTests/Info.plist";
				LD_RUNPATH_SEARCH_PATHS = "$(inherited) @executable_path/Frameworks @loader_path/Frameworks";
				PRODUCT_BUNDLE_IDENTIFIER = "com.harloch.NOT-Chris-Rock-GPSTests";
				PRODUCT_NAME = "$(TARGET_NAME)";
				TEST_HOST = "$(BUILT_PRODUCTS_DIR)/NOT Chris Rock GPS.app/NOT Chris Rock GPS";
			};
			name = Release;
		};
		DA6AE7F01D88C782001E5B65 /* Debug */ = {
			isa = XCBuildConfiguration;
			buildSettings = {
				INFOPLIST_FILE = "NOT Chris Rock GPSUITests/Info.plist";
				LD_RUNPATH_SEARCH_PATHS = "$(inherited) @executable_path/Frameworks @loader_path/Frameworks";
				PRODUCT_BUNDLE_IDENTIFIER = "com.harloch.NOT-Chris-Rock-GPSUITests";
				PRODUCT_NAME = "$(TARGET_NAME)";
				TEST_TARGET_NAME = "NOT Chris Rock GPS";
			};
			name = Debug;
		};
		DA6AE7F11D88C782001E5B65 /* Release */ = {
			isa = XCBuildConfiguration;
			buildSettings = {
				INFOPLIST_FILE = "NOT Chris Rock GPSUITests/Info.plist";
				LD_RUNPATH_SEARCH_PATHS = "$(inherited) @executable_path/Frameworks @loader_path/Frameworks";
				PRODUCT_BUNDLE_IDENTIFIER = "com.harloch.NOT-Chris-Rock-GPSUITests";
				PRODUCT_NAME = "$(TARGET_NAME)";
				TEST_TARGET_NAME = "NOT Chris Rock GPS";
			};
			name = Release;
		};
/* End XCBuildConfiguration section */

/* Begin XCConfigurationList section */
		DA6AE7B91D88C782001E5B65 /* Build configuration list for PBXProject "NOT Chris Rock GPS" */ = {
			isa = XCConfigurationList;
			buildConfigurations = (
				DA6AE7E71D88C782001E5B65 /* Debug */,
				DA6AE7E81D88C782001E5B65 /* Release */,
			);
			defaultConfigurationIsVisible = 0;
			defaultConfigurationName = Release;
		};
		DA6AE7E91D88C782001E5B65 /* Build configuration list for PBXNativeTarget "NOT Chris Rock GPS" */ = {
			isa = XCConfigurationList;
			buildConfigurations = (
				DA6AE7EA1D88C782001E5B65 /* Debug */,
				DA6AE7EB1D88C782001E5B65 /* Release */,
			);
			defaultConfigurationIsVisible = 0;
			defaultConfigurationName = Release;
		};
		DA6AE7EC1D88C782001E5B65 /* Build configuration list for PBXNativeTarget "NOT Chris Rock GPSTests" */ = {
			isa = XCConfigurationList;
			buildConfigurations = (
				DA6AE7ED1D88C782001E5B65 /* Debug */,
				DA6AE7EE1D88C782001E5B65 /* Release */,
			);
			defaultConfigurationIsVisible = 0;
			defaultConfigurationName = Release;
		};
		DA6AE7EF1D88C782001E5B65 /* Build configuration list for PBXNativeTarget "NOT Chris Rock GPSUITests" */ = {
			isa = XCConfigurationList;
			buildConfigurations = (
				DA6AE7F01D88C782001E5B65 /* Debug */,
				DA6AE7F11D88C782001E5B65 /* Release */,
			);
			defaultConfigurationIsVisible = 0;
			defaultConfigurationName = Release;
		};
/* End XCConfigurationList section */

/* Begin XCVersionGroup section */
		DA6AE7C81D88C782001E5B65 /* NOT_Chris_Rock_GPS.xcdatamodeld */ = {
			isa = XCVersionGroup;
			children = (
				DA6AE7C91D88C782001E5B65 /* NOT_Chris_Rock_GPS.xcdatamodel */,
			);
			currentVersion = DA6AE7C91D88C782001E5B65 /* NOT_Chris_Rock_GPS.xcdatamodel */;
			path = NOT_Chris_Rock_GPS.xcdatamodeld;
			sourceTree = "<group>";
			versionGroupType = wrapper.xcdatamodel;
		};
/* End XCVersionGroup section */
	};
	rootObject = DA6AE7B61D88C782001E5B65 /* Project object */;
}
